// !$*UTF8*$!
{
	archiveVersion = 1;
	classes = {
	};
	objectVersion = 50;
	objects = {

/* Begin PBXBuildFile section */
		4118A4452758212C0075E5EE /* AppDelegate.swift in Sources */ = {isa = PBXBuildFile; fileRef = 4118A4442758212C0075E5EE /* AppDelegate.swift */; };
		4118A4472758212C0075E5EE /* SceneDelegate.swift in Sources */ = {isa = PBXBuildFile; fileRef = 4118A4462758212C0075E5EE /* SceneDelegate.swift */; };
		4118A4492758212C0075E5EE /* ViewController.swift in Sources */ = {isa = PBXBuildFile; fileRef = 4118A4482758212C0075E5EE /* ViewController.swift */; };
		4118A44C2758212C0075E5EE /* Main.storyboard in Resources */ = {isa = PBXBuildFile; fileRef = 4118A44A2758212C0075E5EE /* Main.storyboard */; };
		4118A4512758212E0075E5EE /* Assets.xcassets in Resources */ = {isa = PBXBuildFile; fileRef = 4118A4502758212E0075E5EE /* Assets.xcassets */; };
		4118A4542758212E0075E5EE /* LaunchScreen.storyboard in Resources */ = {isa = PBXBuildFile; fileRef = 4118A4522758212E0075E5EE /* LaunchScreen.storyboard */; };
		412939A0275BF19D009BCEED /* SettingVC.swift in Sources */ = {isa = PBXBuildFile; fileRef = 4129399F275BF19D009BCEED /* SettingVC.swift */; };
		412939A3275C6802009BCEED /* Localizable.strings in Resources */ = {isa = PBXBuildFile; fileRef = 412939A5275C6802009BCEED /* Localizable.strings */; };
		412939AA275D6113009BCEED /* DateButton.swift in Sources */ = {isa = PBXBuildFile; fileRef = 412939A9275D6113009BCEED /* DateButton.swift */; };
		412939AC275D6137009BCEED /* CalendarHelper.swift in Sources */ = {isa = PBXBuildFile; fileRef = 412939AB275D6137009BCEED /* CalendarHelper.swift */; };
		412939AE275D61DB009BCEED /* CalendarVC.swift in Sources */ = {isa = PBXBuildFile; fileRef = 412939AD275D61DB009BCEED /* CalendarVC.swift */; };
		4146EAB8275AAAE300C0B3D8 /* DetailVC.swift in Sources */ = {isa = PBXBuildFile; fileRef = 4146EAB7275AAAE300C0B3D8 /* DetailVC.swift */; };
		414B753B275AB33D00318A58 /* ReminderInfo.swift in Sources */ = {isa = PBXBuildFile; fileRef = 414B753A275AB33D00318A58 /* ReminderInfo.swift */; };
		414B753D275B223200318A58 /* WebVC.swift in Sources */ = {isa = PBXBuildFile; fileRef = 414B753C275B223200318A58 /* WebVC.swift */; };
		4153151727FF75DE00E87E75 /* DataOnGoingVC.swift in Sources */ = {isa = PBXBuildFile; fileRef = 4153151627FF75DE00E87E75 /* DataOnGoingVC.swift */; };
		4174496E275955B600D2B50B /* TableVC.swift in Sources */ = {isa = PBXBuildFile; fileRef = 4174496D275955B600D2B50B /* TableVC.swift */; };
		41744970275955E200D2B50B /* AddVC.swift in Sources */ = {isa = PBXBuildFile; fileRef = 4174496F275955E200D2B50B /* AddVC.swift */; };
		417449722759566000D2B50B /* ReminderCell.swift in Sources */ = {isa = PBXBuildFile; fileRef = 417449712759566000D2B50B /* ReminderCell.swift */; };
		41744975275976D000D2B50B /* ReminderApp.xcdatamodeld in Sources */ = {isa = PBXBuildFile; fileRef = 41744973275976D000D2B50B /* ReminderApp.xcdatamodeld */; };
		41744977275979EC00D2B50B /* CategoryType.swift in Sources */ = {isa = PBXBuildFile; fileRef = 41744976275979EC00D2B50B /* CategoryType.swift */; };
/* End PBXBuildFile section */

/* Begin PBXFileReference section */
		4118A4412758212C0075E5EE /* Reminder.app */ = {isa = PBXFileReference; explicitFileType = wrapper.application; includeInIndex = 0; path = Reminder.app; sourceTree = BUILT_PRODUCTS_DIR; };
		4118A4442758212C0075E5EE /* AppDelegate.swift */ = {isa = PBXFileReference; lastKnownFileType = sourcecode.swift; path = AppDelegate.swift; sourceTree = "<group>"; };
		4118A4462758212C0075E5EE /* SceneDelegate.swift */ = {isa = PBXFileReference; lastKnownFileType = sourcecode.swift; path = SceneDelegate.swift; sourceTree = "<group>"; };
		4118A4482758212C0075E5EE /* ViewController.swift */ = {isa = PBXFileReference; lastKnownFileType = sourcecode.swift; path = ViewController.swift; sourceTree = "<group>"; };
		4118A44B2758212C0075E5EE /* Base */ = {isa = PBXFileReference; lastKnownFileType = file.storyboard; name = Base; path = Base.lproj/Main.storyboard; sourceTree = "<group>"; };
		4118A4502758212E0075E5EE /* Assets.xcassets */ = {isa = PBXFileReference; lastKnownFileType = folder.assetcatalog; path = Assets.xcassets; sourceTree = "<group>"; };
		4118A4532758212E0075E5EE /* Base */ = {isa = PBXFileReference; lastKnownFileType = file.storyboard; name = Base; path = Base.lproj/LaunchScreen.storyboard; sourceTree = "<group>"; };
		4118A4552758212E0075E5EE /* Info.plist */ = {isa = PBXFileReference; lastKnownFileType = text.plist.xml; path = Info.plist; sourceTree = "<group>"; };
		4129399F275BF19D009BCEED /* SettingVC.swift */ = {isa = PBXFileReference; lastKnownFileType = sourcecode.swift; path = SettingVC.swift; sourceTree = "<group>"; };
		412939A4275C6802009BCEED /* en */ = {isa = PBXFileReference; lastKnownFileType = text.plist.strings; name = en; path = en.lproj/Localizable.strings; sourceTree = "<group>"; };
		412939A6275C680F009BCEED /* zh-Hans */ = {isa = PBXFileReference; lastKnownFileType = text.plist.strings; name = "zh-Hans"; path = "zh-Hans.lproj/Main.strings"; sourceTree = "<group>"; };
		412939A7275C680F009BCEED /* zh-Hans */ = {isa = PBXFileReference; lastKnownFileType = text.plist.strings; name = "zh-Hans"; path = "zh-Hans.lproj/LaunchScreen.strings"; sourceTree = "<group>"; };
		412939A8275C680F009BCEED /* zh-Hans */ = {isa = PBXFileReference; lastKnownFileType = text.plist.strings; name = "zh-Hans"; path = "zh-Hans.lproj/Localizable.strings"; sourceTree = "<group>"; };
		412939A9275D6113009BCEED /* DateButton.swift */ = {isa = PBXFileReference; lastKnownFileType = sourcecode.swift; path = DateButton.swift; sourceTree = "<group>"; };
		412939AB275D6137009BCEED /* CalendarHelper.swift */ = {isa = PBXFileReference; lastKnownFileType = sourcecode.swift; path = CalendarHelper.swift; sourceTree = "<group>"; };
		412939AD275D61DB009BCEED /* CalendarVC.swift */ = {isa = PBXFileReference; lastKnownFileType = sourcecode.swift; path = CalendarVC.swift; sourceTree = "<group>"; };
		4146EAB7275AAAE300C0B3D8 /* DetailVC.swift */ = {isa = PBXFileReference; lastKnownFileType = sourcecode.swift; path = DetailVC.swift; sourceTree = "<group>"; };
		414B753A275AB33D00318A58 /* ReminderInfo.swift */ = {isa = PBXFileReference; lastKnownFileType = sourcecode.swift; path = ReminderInfo.swift; sourceTree = "<group>"; };
		414B753C275B223200318A58 /* WebVC.swift */ = {isa = PBXFileReference; lastKnownFileType = sourcecode.swift; path = WebVC.swift; sourceTree = "<group>"; };
		4153151627FF75DE00E87E75 /* DataOnGoingVC.swift */ = {isa = PBXFileReference; lastKnownFileType = sourcecode.swift; path = DataOnGoingVC.swift; sourceTree = "<group>"; };
		4174496D275955B600D2B50B /* TableVC.swift */ = {isa = PBXFileReference; lastKnownFileType = sourcecode.swift; path = TableVC.swift; sourceTree = "<group>"; };
		4174496F275955E200D2B50B /* AddVC.swift */ = {isa = PBXFileReference; lastKnownFileType = sourcecode.swift; path = AddVC.swift; sourceTree = "<group>"; };
		417449712759566000D2B50B /* ReminderCell.swift */ = {isa = PBXFileReference; lastKnownFileType = sourcecode.swift; path = ReminderCell.swift; sourceTree = "<group>"; };
		41744974275976D000D2B50B /* ReminderApp.xcdatamodel */ = {isa = PBXFileReference; lastKnownFileType = wrapper.xcdatamodel; path = ReminderApp.xcdatamodel; sourceTree = "<group>"; };
		41744976275979EC00D2B50B /* CategoryType.swift */ = {isa = PBXFileReference; lastKnownFileType = sourcecode.swift; path = CategoryType.swift; sourceTree = "<group>"; };
/* End PBXFileReference section */

/* Begin PBXFrameworksBuildPhase section */
		4118A43E2758212C0075E5EE /* Frameworks */ = {
			isa = PBXFrameworksBuildPhase;
			buildActionMask = 2147483647;
			files = (
			);
			runOnlyForDeploymentPostprocessing = 0;
		};
/* End PBXFrameworksBuildPhase section */

/* Begin PBXGroup section */
		4118A4382758212C0075E5EE = {
			isa = PBXGroup;
			children = (
				4174496A27594B6700D2B50B /* Model */,
				4174496927594B6200D2B50B /* VC */,
				4118A4432758212C0075E5EE /* Reminder */,
				4118A4422758212C0075E5EE /* Products */,
			);
			sourceTree = "<group>";
		};
		4118A4422758212C0075E5EE /* Products */ = {
			isa = PBXGroup;
			children = (
				4118A4412758212C0075E5EE /* Reminder.app */,
			);
			name = Products;
			sourceTree = "<group>";
		};
		4118A4432758212C0075E5EE /* Reminder */ = {
			isa = PBXGroup;
			children = (
				4118A4442758212C0075E5EE /* AppDelegate.swift */,
				4118A4462758212C0075E5EE /* SceneDelegate.swift */,
				4118A44A2758212C0075E5EE /* Main.storyboard */,
				4118A4502758212E0075E5EE /* Assets.xcassets */,
				4118A4522758212E0075E5EE /* LaunchScreen.storyboard */,
				4118A4552758212E0075E5EE /* Info.plist */,
				41744973275976D000D2B50B /* ReminderApp.xcdatamodeld */,
				412939A5275C6802009BCEED /* Localizable.strings */,
			);
			path = Reminder;
			sourceTree = "<group>";
		};
		4174496927594B6200D2B50B /* VC */ = {
			isa = PBXGroup;
			children = (
				4174496D275955B600D2B50B /* TableVC.swift */,
				4174496F275955E200D2B50B /* AddVC.swift */,
				417449712759566000D2B50B /* ReminderCell.swift */,
				4129399F275BF19D009BCEED /* SettingVC.swift */,
				4146EAB7275AAAE300C0B3D8 /* DetailVC.swift */,
				414B753C275B223200318A58 /* WebVC.swift */,
				412939AD275D61DB009BCEED /* CalendarVC.swift */,
				4118A4482758212C0075E5EE /* ViewController.swift */,
				4153151627FF75DE00E87E75 /* DataOnGoingVC.swift */,
			);
			path = VC;
			sourceTree = "<group>";
		};
		4174496A27594B6700D2B50B /* Model */ = {
			isa = PBXGroup;
			children = (
				41744976275979EC00D2B50B /* CategoryType.swift */,
				414B753A275AB33D00318A58 /* ReminderInfo.swift */,
				412939A9275D6113009BCEED /* DateButton.swift */,
				412939AB275D6137009BCEED /* CalendarHelper.swift */,
			);
			path = Model;
			sourceTree = "<group>";
		};
/* End PBXGroup section */

/* Begin PBXNativeTarget section */
		4118A4402758212C0075E5EE /* Reminder */ = {
			isa = PBXNativeTarget;
			buildConfigurationList = 4118A4582758212E0075E5EE /* Build configuration list for PBXNativeTarget "Reminder" */;
			buildPhases = (
				4118A43D2758212C0075E5EE /* Sources */,
				4118A43E2758212C0075E5EE /* Frameworks */,
				4118A43F2758212C0075E5EE /* Resources */,
			);
			buildRules = (
			);
			dependencies = (
			);
			name = Reminder;
			productName = Reminder;
			productReference = 4118A4412758212C0075E5EE /* Reminder.app */;
			productType = "com.apple.product-type.application";
		};
/* End PBXNativeTarget section */

/* Begin PBXProject section */
		4118A4392758212C0075E5EE /* Project object */ = {
			isa = PBXProject;
			attributes = {
				LastSwiftUpdateCheck = 1250;
				LastUpgradeCheck = 1250;
				TargetAttributes = {
					4118A4402758212C0075E5EE = {
						CreatedOnToolsVersion = 12.5.1;
					};
				};
			};
			buildConfigurationList = 4118A43C2758212C0075E5EE /* Build configuration list for PBXProject "Reminder" */;
			compatibilityVersion = "Xcode 9.3";
			developmentRegion = en;
			hasScannedForEncodings = 0;
			knownRegions = (
				en,
				Base,
				"zh-Hans",
			);
			mainGroup = 4118A4382758212C0075E5EE;
			productRefGroup = 4118A4422758212C0075E5EE /* Products */;
			projectDirPath = "";
			projectRoot = "";
			targets = (
				4118A4402758212C0075E5EE /* Reminder */,
			);
		};
/* End PBXProject section */

/* Begin PBXResourcesBuildPhase section */
		4118A43F2758212C0075E5EE /* Resources */ = {
			isa = PBXResourcesBuildPhase;
			buildActionMask = 2147483647;
			files = (
				4118A4542758212E0075E5EE /* LaunchScreen.storyboard in Resources */,
				412939A3275C6802009BCEED /* Localizable.strings in Resources */,
				4118A4512758212E0075E5EE /* Assets.xcassets in Resources */,
				4118A44C2758212C0075E5EE /* Main.storyboard in Resources */,
			);
			runOnlyForDeploymentPostprocessing = 0;
		};
/* End PBXResourcesBuildPhase section */

/* Begin PBXSourcesBuildPhase section */
		4118A43D2758212C0075E5EE /* Sources */ = {
			isa = PBXSourcesBuildPhase;
			buildActionMask = 2147483647;
			files = (
				4118A4492758212C0075E5EE /* ViewController.swift in Sources */,
				412939A0275BF19D009BCEED /* SettingVC.swift in Sources */,
				4153151727FF75DE00E87E75 /* DataOnGoingVC.swift in Sources */,
				4118A4452758212C0075E5EE /* AppDelegate.swift in Sources */,
				417449722759566000D2B50B /* ReminderCell.swift in Sources */,
				41744975275976D000D2B50B /* ReminderApp.xcdatamodeld in Sources */,
				412939AE275D61DB009BCEED /* CalendarVC.swift in Sources */,
				4174496E275955B600D2B50B /* TableVC.swift in Sources */,
				4146EAB8275AAAE300C0B3D8 /* DetailVC.swift in Sources */,
				41744977275979EC00D2B50B /* CategoryType.swift in Sources */,
				414B753B275AB33D00318A58 /* ReminderInfo.swift in Sources */,
				4118A4472758212C0075E5EE /* SceneDelegate.swift in Sources */,
				41744970275955E200D2B50B /* AddVC.swift in Sources */,
				412939AA275D6113009BCEED /* DateButton.swift in Sources */,
				414B753D275B223200318A58 /* WebVC.swift in Sources */,
				412939AC275D6137009BCEED /* CalendarHelper.swift in Sources */,
			);
			runOnlyForDeploymentPostprocessing = 0;
		};
/* End PBXSourcesBuildPhase section */

/* Begin PBXVariantGroup section */
		4118A44A2758212C0075E5EE /* Main.storyboard */ = {
			isa = PBXVariantGroup;
			children = (
				4118A44B2758212C0075E5EE /* Base */,
				412939A6275C680F009BCEED /* zh-Hans */,
			);
			name = Main.storyboard;
			sourceTree = "<group>";
		};
		4118A4522758212E0075E5EE /* LaunchScreen.storyboard */ = {
			isa = PBXVariantGroup;
			children = (
				4118A4532758212E0075E5EE /* Base */,
				412939A7275C680F009BCEED /* zh-Hans */,
			);
			name = LaunchScreen.storyboard;
			sourceTree = "<group>";
		};
		412939A5275C6802009BCEED /* Localizable.strings */ = {
			isa = PBXVariantGroup;
			children = (
				412939A4275C6802009BCEED /* en */,
				412939A8275C680F009BCEED /* zh-Hans */,
			);
			name = Localizable.strings;
			sourceTree = "<group>";
		};
/* End PBXVariantGroup section */

/* Begin XCBuildConfiguration section */
		4118A4562758212E0075E5EE /* Debug */ = {
			isa = XCBuildConfiguration;
			buildSettings = {
				ALWAYS_SEARCH_USER_PATHS = NO;
				CLANG_ANALYZER_LOCALIZABILITY_NONLOCALIZED = YES;
				CLANG_ANALYZER_NONNULL = YES;
				CLANG_ANALYZER_NUMBER_OBJECT_CONVERSION = YES_AGGRESSIVE;
				CLANG_CXX_LANGUAGE_STANDARD = "gnu++14";
				CLANG_CXX_LIBRARY = "libc++";
				CLANG_ENABLE_MODULES = YES;
				CLANG_ENABLE_OBJC_ARC = YES;
				CLANG_ENABLE_OBJC_WEAK = YES;
				CLANG_WARN_BLOCK_CAPTURE_AUTORELEASING = YES;
				CLANG_WARN_BOOL_CONVERSION = YES;
				CLANG_WARN_COMMA = YES;
				CLANG_WARN_CONSTANT_CONVERSION = YES;
				CLANG_WARN_DEPRECATED_OBJC_IMPLEMENTATIONS = YES;
				CLANG_WARN_DIRECT_OBJC_ISA_USAGE = YES_ERROR;
				CLANG_WARN_DOCUMENTATION_COMMENTS = YES;
				CLANG_WARN_EMPTY_BODY = YES;
				CLANG_WARN_ENUM_CONVERSION = YES;
				CLANG_WARN_INFINITE_RECURSION = YES;
				CLANG_WARN_INT_CONVERSION = YES;
				CLANG_WARN_NON_LITERAL_NULL_CONVERSION = YES;
				CLANG_WARN_OBJC_IMPLICIT_RETAIN_SELF = YES;
				CLANG_WARN_OBJC_LITERAL_CONVERSION = YES;
				CLANG_WARN_OBJC_ROOT_CLASS = YES_ERROR;
				CLANG_WARN_QUOTED_INCLUDE_IN_FRAMEWORK_HEADER = YES;
				CLANG_WARN_RANGE_LOOP_ANALYSIS = YES;
				CLANG_WARN_STRICT_PROTOTYPES = YES;
				CLANG_WARN_SUSPICIOUS_MOVE = YES;
				CLANG_WARN_UNGUARDED_AVAILABILITY = YES_AGGRESSIVE;
				CLANG_WARN_UNREACHABLE_CODE = YES;
				CLANG_WARN__DUPLICATE_METHOD_MATCH = YES;
				COPY_PHASE_STRIP = NO;
				DEBUG_INFORMATION_FORMAT = dwarf;
				ENABLE_STRICT_OBJC_MSGSEND = YES;
				ENABLE_TESTABILITY = YES;
				GCC_C_LANGUAGE_STANDARD = gnu11;
				GCC_DYNAMIC_NO_PIC = NO;
				GCC_NO_COMMON_BLOCKS = YES;
				GCC_OPTIMIZATION_LEVEL = 0;
				GCC_PREPROCESSOR_DEFINITIONS = (
					"DEBUG=1",
					"$(inherited)",
				);
				GCC_WARN_64_TO_32_BIT_CONVERSION = YES;
				GCC_WARN_ABOUT_RETURN_TYPE = YES_ERROR;
				GCC_WARN_UNDECLARED_SELECTOR = YES;
				GCC_WARN_UNINITIALIZED_AUTOS = YES_AGGRESSIVE;
				GCC_WARN_UNUSED_FUNCTION = YES;
				GCC_WARN_UNUSED_VARIABLE = YES;
				IPHONEOS_DEPLOYMENT_TARGET = 14.5;
				MTL_ENABLE_DEBUG_INFO = INCLUDE_SOURCE;
				MTL_FAST_MATH = YES;
				ONLY_ACTIVE_ARCH = YES;
				SDKROOT = iphoneos;
				SWIFT_ACTIVE_COMPILATION_CONDITIONS = DEBUG;
				SWIFT_OPTIMIZATION_LEVEL = "-Onone";
			};
			name = Debug;
		};
		4118A4572758212E0075E5EE /* Release */ = {
			isa = XCBuildConfiguration;
			buildSettings = {
				ALWAYS_SEARCH_USER_PATHS = NO;
				CLANG_ANALYZER_LOCALIZABILITY_NONLOCALIZED = YES;
				CLANG_ANALYZER_NONNULL = YES;
				CLANG_ANALYZER_NUMBER_OBJECT_CONVERSION = YES_AGGRESSIVE;
				CLANG_CXX_LANGUAGE_STANDARD = "gnu++14";
				CLANG_CXX_LIBRARY = "libc++";
				CLANG_ENABLE_MODULES = YES;
				CLANG_ENABLE_OBJC_ARC = YES;
				CLANG_ENABLE_OBJC_WEAK = YES;
				CLANG_WARN_BLOCK_CAPTURE_AUTORELEASING = YES;
				CLANG_WARN_BOOL_CONVERSION = YES;
				CLANG_WARN_COMMA = YES;
				CLANG_WARN_CONSTANT_CONVERSION = YES;
				CLANG_WARN_DEPRECATED_OBJC_IMPLEMENTATIONS = YES;
				CLANG_WARN_DIRECT_OBJC_ISA_USAGE = YES_ERROR;
				CLANG_WARN_DOCUMENTATION_COMMENTS = YES;
				CLANG_WARN_EMPTY_BODY = YES;
				CLANG_WARN_ENUM_CONVERSION = YES;
				CLANG_WARN_INFINITE_RECURSION = YES;
				CLANG_WARN_INT_CONVERSION = YES;
				CLANG_WARN_NON_LITERAL_NULL_CONVERSION = YES;
				CLANG_WARN_OBJC_IMPLICIT_RETAIN_SELF = YES;
				CLANG_WARN_OBJC_LITERAL_CONVERSION = YES;
				CLANG_WARN_OBJC_ROOT_CLASS = YES_ERROR;
				CLANG_WARN_QUOTED_INCLUDE_IN_FRAMEWORK_HEADER = YES;
				CLANG_WARN_RANGE_LOOP_ANALYSIS = YES;
				CLANG_WARN_STRICT_PROTOTYPES = YES;
				CLANG_WARN_SUSPICIOUS_MOVE = YES;
				CLANG_WARN_UNGUARDED_AVAILABILITY = YES_AGGRESSIVE;
				CLANG_WARN_UNREACHABLE_CODE = YES;
				CLANG_WARN__DUPLICATE_METHOD_MATCH = YES;
				COPY_PHASE_STRIP = NO;
				DEBUG_INFORMATION_FORMAT = "dwarf-with-dsym";
				ENABLE_NS_ASSERTIONS = NO;
				ENABLE_STRICT_OBJC_MSGSEND = YES;
				GCC_C_LANGUAGE_STANDARD = gnu11;
				GCC_NO_COMMON_BLOCKS = YES;
				GCC_WARN_64_TO_32_BIT_CONVERSION = YES;
				GCC_WARN_ABOUT_RETURN_TYPE = YES_ERROR;
				GCC_WARN_UNDECLARED_SELECTOR = YES;
				GCC_WARN_UNINITIALIZED_AUTOS = YES_AGGRESSIVE;
				GCC_WARN_UNUSED_FUNCTION = YES;
				GCC_WARN_UNUSED_VARIABLE = YES;
				IPHONEOS_DEPLOYMENT_TARGET = 14.5;
				MTL_ENABLE_DEBUG_INFO = NO;
				MTL_FAST_MATH = YES;
				SDKROOT = iphoneos;
				SWIFT_COMPILATION_MODE = wholemodule;
				SWIFT_OPTIMIZATION_LEVEL = "-O";
				VALIDATE_PRODUCT = YES;
			};
			name = Release;
		};
		4118A4592758212E0075E5EE /* Debug */ = {
			isa = XCBuildConfiguration;
			buildSettings = {
				ASSETCATALOG_COMPILER_APPICON_NAME = AppIcon;
				ASSETCATALOG_COMPILER_GLOBAL_ACCENT_COLOR_NAME = AccentColor;
				CODE_SIGN_STYLE = Automatic;
				DEVELOPMENT_TEAM = QRTU797HD8;
				INFOPLIST_FILE = Reminder/Info.plist;
				LD_RUNPATH_SEARCH_PATHS = (
					"$(inherited)",
					"@executable_path/Frameworks",
				);
				PRODUCT_BUNDLE_IDENTIFIER = zxie13.Reminder;
				PRODUCT_NAME = "$(TARGET_NAME)";
				SWIFT_VERSION = 5.0;
				TARGETED_DEVICE_FAMILY = "1,2";
			};
			name = Debug;
		};
		4118A45A2758212E0075E5EE /* Release */ = {
			isa = XCBuildConfiguration;
			buildSettings = {
				ASSETCATALOG_COMPILER_APPICON_NAME = AppIcon;
				ASSETCATALOG_COMPILER_GLOBAL_ACCENT_COLOR_NAME = AccentColor;
				CODE_SIGN_STYLE = Automatic;
				DEVELOPMENT_TEAM = QRTU797HD8;
				INFOPLIST_FILE = Reminder/Info.plist;
				LD_RUNPATH_SEARCH_PATHS = (
					"$(inherited)",
					"@executable_path/Frameworks",
				);
				PRODUCT_BUNDLE_IDENTIFIER = zxie13.Reminder;
				PRODUCT_NAME = "$(TARGET_NAME)";
				SWIFT_VERSION = 5.0;
				TARGETED_DEVICE_FAMILY = "1,2";
			};
			name = Release;
		};
/* End XCBuildConfiguration section */

/* Begin XCConfigurationList section */
		4118A43C2758212C0075E5EE /* Build configuration list for PBXProject "Reminder" */ = {
			isa = XCConfigurationList;
			buildConfigurations = (
				4118A4562758212E0075E5EE /* Debug */,
				4118A4572758212E0075E5EE /* Release */,
			);
			defaultConfigurationIsVisible = 0;
			defaultConfigurationName = Release;
		};
		4118A4582758212E0075E5EE /* Build configuration list for PBXNativeTarget "Reminder" */ = {
			isa = XCConfigurationList;
			buildConfigurations = (
				4118A4592758212E0075E5EE /* Debug */,
				4118A45A2758212E0075E5EE /* Release */,
			);
			defaultConfigurationIsVisible = 0;
			defaultConfigurationName = Release;
		};
/* End XCConfigurationList section */

/* Begin XCVersionGroup section */
		41744973275976D000D2B50B /* ReminderApp.xcdatamodeld */ = {
			isa = XCVersionGroup;
			children = (
				41744974275976D000D2B50B /* ReminderApp.xcdatamodel */,
			);
			currentVersion = 41744974275976D000D2B50B /* ReminderApp.xcdatamodel */;
			path = ReminderApp.xcdatamodeld;
			sourceTree = "<group>";
			versionGroupType = wrapper.xcdatamodel;
		};
/* End XCVersionGroup section */
	};
	rootObject = 4118A4392758212C0075E5EE /* Project object */;
}
